
Microsoft Visual Studio Solution File, Format Version 12.00
# Visual Studio Version 17
VisualStudioVersion = 17.3.32929.385
MinimumVisualStudioVersion = 10.0.40219.1
Project("{FAE04EC0-301F-11D3-BF4B-00C04F79EFBC}") = "SwagProject", "SwagProject\SwagProject.csproj", "{A853FEF3-3A71-4A0B-9C7C-7451F3F7DA00}"
EndProject
Global
	GlobalSection(SolutionConfigurationPlatforms) = preSolution
		Debug|Any CPU = Debug|Any CPU
		Release|Any CPU = Release|Any CPU
	EndGlobalSection
	GlobalSection(ProjectConfigurationPlatforms) = postSolution
		{A853FEF3-3A71-4A0B-9C7C-7451F3F7DA00}.Debug|Any CPU.ActiveCfg = Debug|Any CPU
		{A853FEF3-3A71-4A0B-9C7C-7451F3F7DA00}.Debug|Any CPU.Build.0 = Debug|Any CPU
		{A853FEF3-3A71-4A0B-9C7C-7451F3F7DA00}.Release|Any CPU.ActiveCfg = Release|Any CPU
		{A853FEF3-3A71-4A0B-9C7C-7451F3F7DA00}.Release|Any CPU.Build.0 = Release|Any CPU
	EndGlobalSection
	GlobalSection(SolutionProperties) = preSolution
		HideSolutionNode = FALSE
	EndGlobalSection
	GlobalSection(ExtensibilityGlobals) = postSolution
		SolutionGuid = {0EBE71B3-9384-4712-AB46-6085B6EAF64C}
	EndGlobalSection
EndGlobal
